
Microsoft Visual Studio Solution File, Format Version 12.00
# Visual Studio Version 17
VisualStudioVersion = 17.5.33530.505
MinimumVisualStudioVersion = 10.0.40219.1
Project("{FAE04EC0-301F-11D3-BF4B-00C04F79EFBC}") = "email-sender", "email-sender.csproj", "{610DB193-645C-4CDD-A6A7-F353C13EE41C}"
EndProject
Global
	GlobalSection(SolutionConfigurationPlatforms) = preSolution
		Debug|Any CPU = Debug|Any CPU
		Release|Any CPU = Release|Any CPU
	EndGlobalSection
	GlobalSection(ProjectConfigurationPlatforms) = postSolution
		{610DB193-645C-4CDD-A6A7-F353C13EE41C}.Debug|Any CPU.ActiveCfg = Debug|Any CPU
		{610DB193-645C-4CDD-A6A7-F353C13EE41C}.Debug|Any CPU.Build.0 = Debug|Any CPU
		{610DB193-645C-4CDD-A6A7-F353C13EE41C}.Release|Any CPU.ActiveCfg = Release|Any CPU
		{610DB193-645C-4CDD-A6A7-F353C13EE41C}.Release|Any CPU.Build.0 = Release|Any CPU
	EndGlobalSection
	GlobalSection(SolutionProperties) = preSolution
		HideSolutionNode = FALSE
	EndGlobalSection
	GlobalSection(ExtensibilityGlobals) = postSolution
		SolutionGuid = {EE47F22F-80DD-41BD-A72E-0C2F676E0876}
	EndGlobalSection
EndGlobal
